{
  "name": "lumberjack",
  "version": "1.0.0",
  "lockfileVersion": 1,
  "requires": true,
  "dependencies": {
    "ast-module-types": {
      "version": "2.3.2",
      "resolved": "https://registry.npmjs.org/ast-module-types/-/ast-module-types-2.3.2.tgz",
      "integrity": "sha1-S7HeLXKWeIJEKeIqYo0D6H30rRE="
    },
    "babel-runtime": {
      "version": "6.26.0",
      "resolved": "https://registry.npmjs.org/babel-runtime/-/babel-runtime-6.26.0.tgz",
      "integrity": "sha1-llxwWGaOgrVde/4E/yM3vItWR/4=",
      "requires": {
        "core-js": "2.5.4",
        "regenerator-runtime": "0.11.1"
      }
    },
    "babylon": {
      "version": "6.18.0",
      "resolved": "https://registry.npmjs.org/babylon/-/babylon-6.18.0.tgz",
      "integrity": "sha512-q/UEjfGJ2Cm3oKV71DJz9d25TPnq5rhBVL2Q4fA5wcC3jcrdn7+SssEybFIxwAvvP+YCsCYNKughoF33GxgycQ=="
    },
    "commander": {
      "version": "2.15.1",
      "resolved": "https://registry.npmjs.org/commander/-/commander-2.15.1.tgz",
      "integrity": "sha512-VlfT9F3V0v+jr4yxPc5gg9s62/fIVWsd2Bk2iD435um1NlGMYdVCq+MjcXnhYq2icNOizHr1kK+5TI6H0Hy0ag=="
    },
    "core-js": {
      "version": "2.5.4",
      "resolved": "https://registry.npmjs.org/core-js/-/core-js-2.5.4.tgz",
      "integrity": "sha1-8si/GB8qgLkvNgEhQpzmOi8K6uA="
    },
    "debug": {
      "version": "3.1.0",
      "resolved": "https://registry.npmjs.org/debug/-/debug-3.1.0.tgz",
      "integrity": "sha512-OX8XqP7/1a9cqkxYw2yXss15f26NKWBpDXQd0/uK/KPqdQhxbPa994hnzjcE2VqQpDslf55723cKPUOGSmMY3g==",
      "requires": {
        "ms": "2.0.0"
      }
    },
    "deep-is": {
      "version": "0.1.3",
      "resolved": "https://registry.npmjs.org/deep-is/-/deep-is-0.1.3.tgz",
      "integrity": "sha1-s2nW+128E+7PUk+RsHD+7cNXzzQ="
    },
    "detective-amd": {
      "version": "2.4.0",
      "resolved": "https://registry.npmjs.org/detective-amd/-/detective-amd-2.4.0.tgz",
      "integrity": "sha1-XrDfTvXBipQDOwfa8TbbzV/HXNU=",
      "requires": {
        "ast-module-types": "2.3.2",
        "escodegen": "1.9.1",
        "get-amd-module-type": "2.0.5",
        "node-source-walk": "3.3.0"
      }
    },
    "detective-cjs": {
      "version": "2.0.0",
      "resolved": "https://registry.npmjs.org/detective-cjs/-/detective-cjs-2.0.0.tgz",
      "integrity": "sha1-3OTJMCzcpS5ri/04d8qT9ixczAM=",
      "requires": {
        "ast-module-types": "2.3.2",
        "node-source-walk": "3.3.0"
      }
    },
    "detective-es6": {
      "version": "1.2.0",
      "resolved": "https://registry.npmjs.org/detective-es6/-/detective-es6-1.2.0.tgz",
      "integrity": "sha1-a5s71Uf9jyH4lQL2JuRe0qMnb9w=",
      "requires": {
        "node-source-walk": "3.3.0"
      }
    },
    "detective-less": {
      "version": "1.0.0",
      "resolved": "https://registry.npmjs.org/detective-less/-/detective-less-1.0.0.tgz",
      "integrity": "sha1-Qmx4yatuMnW/ZsyRq6wAU7tFLX0=",
      "requires": {
        "debug": "2.2.0",
        "gonzales-pe": "3.4.7",
        "node-source-walk": "3.3.0"
      },
      "dependencies": {
        "debug": {
          "version": "2.2.0",
          "resolved": "https://registry.npmjs.org/debug/-/debug-2.2.0.tgz",
          "integrity": "sha1-+HBX6ZWxofauaklgZkE3vFbwOdo=",
          "requires": {
            "ms": "0.7.1"
          }
        },
        "ms": {
          "version": "0.7.1",
          "resolved": "https://registry.npmjs.org/ms/-/ms-0.7.1.tgz",
          "integrity": "sha1-nNE8A62/8ltl7/3nzoZO6VIBcJg="
        }
      }
    },
    "detective-sass": {
      "version": "2.0.1",
      "resolved": "https://registry.npmjs.org/detective-sass/-/detective-sass-2.0.1.tgz",
      "integrity": "sha1-BWYKoblc/Yf1dGQ7+s4+iiaBEqE=",
      "requires": {
        "debug": "3.1.0",
        "gonzales-pe": "3.4.7",
        "node-source-walk": "3.3.0"
      }
    },
    "detective-scss": {
      "version": "1.0.1",
      "resolved": "https://registry.npmjs.org/detective-scss/-/detective-scss-1.0.1.tgz",
      "integrity": "sha1-dDJGoN01jZ2R/0ElQX9qd/vPJw8=",
      "requires": {
        "debug": "3.1.0",
        "gonzales-pe": "3.4.7",
        "node-source-walk": "3.3.0"
      }
    },
    "detective-stylus": {
      "version": "1.0.0",
      "resolved": "https://registry.npmjs.org/detective-stylus/-/detective-stylus-1.0.0.tgz",
      "integrity": "sha1-UK7n24uruZA4HwEMY/q7pbWOVM0="
    },
    "detective-typescript": {
      "version": "2.0.0",
      "resolved": "https://registry.npmjs.org/detective-typescript/-/detective-typescript-2.0.0.tgz",
      "integrity": "sha512-0VcvklZWrEAqsGHs1Hp5Px3MfKfHTny7zCVVHQwesrib9XanuV3fsMYQ9iJIfd9bJ196KpBQUPgFHdrp34UB+w==",
      "requires": {
        "node-source-walk": "3.2.0",
        "typescript": "2.8.1",
        "typescript-eslint-parser": "9.0.1"
      },
      "dependencies": {
        "babylon": {
          "version": "6.8.4",
          "resolved": "https://registry.npmjs.org/babylon/-/babylon-6.8.4.tgz",
          "integrity": "sha1-CXMGuNq66VFZIlzymz6lWRIFMYA=",
          "requires": {
            "babel-runtime": "6.26.0"
          }
        },
        "node-source-walk": {
          "version": "3.2.0",
          "resolved": "https://registry.npmjs.org/node-source-walk/-/node-source-walk-3.2.0.tgz",
          "integrity": "sha1-PGBcxTq97ktFq2XpR9+x23yQ8OM=",
          "requires": {
            "babylon": "6.8.4"
          }
        }
      }
    },
    "escodegen": {
      "version": "1.9.1",
      "resolved": "https://registry.npmjs.org/escodegen/-/escodegen-1.9.1.tgz",
      "integrity": "sha512-6hTjO1NAWkHnDk3OqQ4YrCuwwmGHL9S3nPlzBOUG/R44rda3wLNrfvQ5fkSGjyhHFKM7ALPKcKGrwvCLe0lC7Q==",
      "requires": {
        "esprima": "3.1.3",
        "estraverse": "4.2.0",
        "esutils": "2.0.2",
        "optionator": "0.8.2",
        "source-map": "0.6.1"
      }
    },
    "esprima": {
      "version": "3.1.3",
      "resolved": "https://registry.npmjs.org/esprima/-/esprima-3.1.3.tgz",
      "integrity": "sha1-/cpRzuYTOJXjyI1TXOSdv/YqRjM="
    },
    "estraverse": {
      "version": "4.2.0",
      "resolved": "https://registry.npmjs.org/estraverse/-/estraverse-4.2.0.tgz",
      "integrity": "sha1-De4/7TH81GlhjOc0IJn8GvoL2xM="
    },
    "esutils": {
      "version": "2.0.2",
      "resolved": "https://registry.npmjs.org/esutils/-/esutils-2.0.2.tgz",
      "integrity": "sha1-Cr9PHKpbyx96nYrMbepPqqBLrJs="
    },
    "fast-levenshtein": {
      "version": "2.0.6",
      "resolved": "https://registry.npmjs.org/fast-levenshtein/-/fast-levenshtein-2.0.6.tgz",
      "integrity": "sha1-PYpcZog6FqMMqGQ+hR8Zuqd5eRc="
    },
    "get-amd-module-type": {
      "version": "2.0.5",
      "resolved": "https://registry.npmjs.org/get-amd-module-type/-/get-amd-module-type-2.0.5.tgz",
      "integrity": "sha1-5nHsWpatX79To6IqKJ6SOMdy3bA=",
      "requires": {
        "ast-module-types": "2.3.2",
        "node-source-walk": "3.3.0"
      }
    },
    "gonzales-pe": {
      "version": "3.4.7",
      "resolved": "https://registry.npmjs.org/gonzales-pe/-/gonzales-pe-3.4.7.tgz",
      "integrity": "sha1-F8e+Z61sr/Ynej44esc26YPSgOw=",
      "requires": {
        "minimist": "1.1.3"
      }
    },
    "levn": {
      "version": "0.3.0",
      "resolved": "https://registry.npmjs.org/levn/-/levn-0.3.0.tgz",
      "integrity": "sha1-OwmSTt+fCDwEkP3UwLxEIeBHZO4=",
      "requires": {
        "prelude-ls": "1.1.2",
        "type-check": "0.3.2"
      }
    },
    "lodash.unescape": {
      "version": "4.0.1",
      "resolved": "https://registry.npmjs.org/lodash.unescape/-/lodash.unescape-4.0.1.tgz",
      "integrity": "sha1-vyJJiGzlFM2hEvrpIYzcBlIR/Jw="
    },
    "minimist": {
      "version": "1.1.3",
      "resolved": "https://registry.npmjs.org/minimist/-/minimist-1.1.3.tgz",
      "integrity": "sha1-O+39kaktOQFvz6ocaB6Pqhoe/ag="
    },
    "module-definition": {
      "version": "2.2.4",
      "resolved": "https://registry.npmjs.org/module-definition/-/module-definition-2.2.4.tgz",
      "integrity": "sha1-wKN3HeWM9rzxKu0kdnBsWWrUsss=",
      "requires": {
        "ast-module-types": "2.3.2",
        "node-source-walk": "3.3.0"
      }
    },
    "ms": {
      "version": "2.0.0",
      "resolved": "https://registry.npmjs.org/ms/-/ms-2.0.0.tgz",
      "integrity": "sha1-VgiurfwAvmwpAd9fmGF4jeDVl8g="
    },
    "node-source-walk": {
      "version": "3.3.0",
      "resolved": "https://registry.npmjs.org/node-source-walk/-/node-source-walk-3.3.0.tgz",
      "integrity": "sha1-rRjjW/2z0Lb34OSv8eePhGo7iHM=",
      "requires": {
        "babylon": "6.18.0"
      }
    },
    "optionator": {
      "version": "0.8.2",
      "resolved": "https://registry.npmjs.org/optionator/-/optionator-0.8.2.tgz",
      "integrity": "sha1-NkxeQJ0/TWMB1sC0wFu6UBgK62Q=",
      "requires": {
        "deep-is": "0.1.3",
        "fast-levenshtein": "2.0.6",
        "levn": "0.3.0",
        "prelude-ls": "1.1.2",
        "type-check": "0.3.2",
        "wordwrap": "1.0.0"
      }
    },
    "precinct": {
      "version": "4.0.0",
      "resolved": "https://registry.npmjs.org/precinct/-/precinct-4.0.0.tgz",
      "integrity": "sha512-nMnVxEajGPtM6qBmotQeS7pC4kD+FOvvaDV+N0DwI4hUtAe02KSca4LwL5t+BH7fLfzVd3N270fT+ZMHeFhLCg==",
      "requires": {
        "commander": "2.15.1",
        "debug": "3.1.0",
        "detective-amd": "2.4.0",
        "detective-cjs": "2.0.0",
        "detective-es6": "1.2.0",
        "detective-less": "1.0.0",
        "detective-sass": "2.0.1",
        "detective-scss": "1.0.1",
        "detective-stylus": "1.0.0",
        "detective-typescript": "2.0.0",
        "module-definition": "2.2.4",
        "node-source-walk": "3.3.0"
      }
    },
    "prelude-ls": {
      "version": "1.1.2",
      "resolved": "https://registry.npmjs.org/prelude-ls/-/prelude-ls-1.1.2.tgz",
      "integrity": "sha1-IZMqVJ9eUv/ZqCf1cOBL5iqX2lQ="
    },
    "regenerator-runtime": {
      "version": "0.11.1",
      "resolved": "https://registry.npmjs.org/regenerator-runtime/-/regenerator-runtime-0.11.1.tgz",
      "integrity": "sha512-MguG95oij0fC3QV3URf4V2SDYGJhJnJGqvIIgdECeODCT98wSWDAJ94SSuVpYQUoTcGUIL6L4yNB7j1DFFHSBg=="
    },
    "semver": {
      "version": "5.4.1",
      "resolved": "https://registry.npmjs.org/semver/-/semver-5.4.1.tgz",
      "integrity": "sha512-WfG/X9+oATh81XtllIo/I8gOiY9EXRdv1cQdyykeXK17YcUW3EXUAi2To4pcH6nZtJPr7ZOpM5OMyWJZm+8Rsg=="
    },
    "source-map": {
      "version": "0.6.1",
      "resolved": "https://registry.npmjs.org/source-map/-/source-map-0.6.1.tgz",
      "integrity": "sha512-UjgapumWlbMhkBgzT7Ykc5YXUT46F0iKu8SGXq0bcwP5dz/h0Plj6enJqjz1Zbq2l5WaqYnrVbwWOWMyF3F47g==",
      "optional": true
    },
    "type-check": {
      "version": "0.3.2",
      "resolved": "https://registry.npmjs.org/type-check/-/type-check-0.3.2.tgz",
      "integrity": "sha1-WITKtRLPHTVeP7eE8wgEsrUg23I=",
      "requires": {
        "prelude-ls": "1.1.2"
      }
    },
    "typescript": {
      "version": "2.8.1",
      "resolved": "https://registry.npmjs.org/typescript/-/typescript-2.8.1.tgz",
      "integrity": "sha512-Ao/f6d/4EPLq0YwzsQz8iXflezpTkQzqAyenTiw4kCUGr1uPiFLC3+fZ+gMZz6eeI/qdRUqvC+HxIJzUAzEFdg=="
    },
    "typescript-eslint-parser": {
      "version": "9.0.1",
      "resolved": "https://registry.npmjs.org/typescript-eslint-parser/-/typescript-eslint-parser-9.0.1.tgz",
      "integrity": "sha512-w1jqotvnhLtLukD9H3gQPAlbD0kLf7ZkoQGwiwSIshKIlzRL7i0OY9Y7VIdE1xtytZXThg678eomxMZ1rZXGVQ==",
      "requires": {
        "lodash.unescape": "4.0.1",
        "semver": "5.4.1"
      }
    },
    "uuid": {
      "version": "3.2.1",
      "resolved": "https://registry.npmjs.org/uuid/-/uuid-3.2.1.tgz",
      "integrity": "sha512-jZnMwlb9Iku/O3smGWvZhauCf6cvvpKi4BKRiliS3cxnI+Gz9j5MEpTz2UFuXiKPJocb7gnsLHwiS05ige5BEA=="
    },
    "wordwrap": {
      "version": "1.0.0",
      "resolved": "https://registry.npmjs.org/wordwrap/-/wordwrap-1.0.0.tgz",
      "integrity": "sha1-J1hIEIkUVqQXHI0CJkQa3pDLyus="
    }
  }
}
